{
  "nodes": {
    "agent-skills": {
      "flake": false,
      "locked": {
        "lastModified": 1788417411,
        "narHash": "sha256-rxkV4Eb4fJDbgpblW27/rPJcMoof2n+tWUpM2sVpLhM=",
        "owner": "addyosmani",
        "repo": "agent-skills",
        "rev": "020ec10a788f5703108d093a4bd3d9a7c3847d36",
        "type": "github"
      },
      "original": {
        "owner": "addyosmani",
        "repo": "agent-skills",
        "type": "github"
      }
    },
    "agent-skills-nix": {
      "inputs": {
        "blueprint": "blueprint",
        "home-manager": [
          "home-manager"
        ],
        "nixpkgs": [
          "nixpkgs"
        ]
      },
      "locked": {
        "lastModified": 1788359763,
        "narHash": "sha256-fSf98BvLBbAPeBiI14hxH0pw0ewb5RGtQxcm0vANkSM=",
        "owner": "Kyure-A",
        "repo": "agent-skills-nix",
        "rev": "260294fa7b7b8083006a959f1b36be77b24912dc",
        "type": "github"
      },
      "original": {
        "owner": "Kyure-A",
        "repo": "agent-skills-nix",
        "type": "github"
      }
    },
    "anthropic-skills": {
      "flake": false,
      "locked": {
        "lastModified": 1788287438,
        "narHash": "sha256-xaxkXFpzH4s2OIOcZqPy+HzfRAy2HbKpagjMhY+uinA=",
        "owner": "anthropics",
        "repo": "skills",
        "rev": "53048666b05b4799081517d00e09e0a2dd688678",
        "type": "github"
      },
      "original": {
        "owner": "anthropics",
        "repo": "skills",
        "type": "github"
      }
    },
    "ast-grep-skill": {
      "flake": false,
      "locked": {
        "lastModified": 1781234824,
        "narHash": "sha256-WpVghcCYMdkEUkRBFbmgh3HTr4rQs0YrpLLi9wuaDAk=",
        "owner": "code-yeongyu",
        "repo": "ast-grep-skill",
        "rev": "3148c69c370a51afb661b9f37879c0bd7cf0cc3b",
        "type": "github"
      },
      "original": {
        "owner": "code-yeongyu",
        "repo": "ast-grep-skill",
        "type": "github"
      }
    },
    "blueprint": {
      "inputs": {
        "nixpkgs": [
          "agent-skills-nix",
          "nixpkgs"
        ],
        "systems": "systems"
      },
      "locked": {
        "lastModified": 1776249299,
        "narHash": "sha256-Dt9t1TGRmJFc0xVYhttNBD6QsAgHOHCArqGa0AyjrJY=",
        "owner": "numtide",
        "repo": "blueprint",
        "rev": "56131e8628f173d24a27f6d27c0215eff57e40dd",
        "type": "github"
      },
      "original": {
        "owner": "numtide",
        "repo": "blueprint",
        "type": "github"
      }
    },
    "brew-src": {
      "flake": false,
      "locked": {
        "lastModified": 1786945682,
        "narHash": "sha256-VBESSoJccikdhxh3vp3SQeG7cZXTOulMvVkoSqNDEhs=",
        "owner": "Homebrew",
        "repo": "brew",
        "rev": "5b90e281d4e0c8fbd6ca4d8358276fb305b8d0bd",
        "type": "github"
      },
      "original": {
        "owner": "Homebrew",
        "ref": "6.0.18",
        "repo": "brew",
        "type": "github"
      }
    },
    "darwin": {
      "inputs": {
        "nixpkgs": [
          "nixpkgs"
        ]
      },
      "locked": {
        "lastModified": 1786845137,
        "narHash": "sha256-oQFip+v0luP8NIxJzmiW4Wu8bILsbFWom5l0zonl8hQ=",
        "owner": "nix-darwin",
        "repo": "nix-darwin",
        "rev": "4cff07de74b50e64bdd68cd4e722ab5b6b35ee48",
        "type": "github"
      },
      "original": {
        "owner": "nix-darwin",
        "repo": "nix-darwin",
        "type": "github"
      }
    },
    "home-manager": {
      "inputs": {
        "nixpkgs": [
          "nixpkgs"
        ]
      },
      "locked": {
        "lastModified": 1788355065,
        "narHash": "sha256-gAz5oTI7ur34CfuakQduiQd/2ZhO62Bn2XXg08nZYYQ=",
        "owner": "nix-community",
        "repo": "home-manager",
        "rev": "d9d750e4fc11c10cab2da677bdd31e427f3a3a71",
        "type": "github"
      },
      "original": {
        "owner": "nix-community",
        "ref": "master",
        "repo": "home-manager",
        "type": "github"
      }
    },
    "homebrew-bundle": {
      "flake": false,
      "locked": {
        "lastModified": 1745335228,
        "narHash": "sha256-TIKR2UgtyUmHLNZp255/vLs+1I10hXe+sciMEbAGFwE=",
        "owner": "homebrew",
        "repo": "homebrew-bundle",
        "rev": "a3265c84b232e13048ecbf6fc18a2eedfadbeb08",
        "type": "github"
      },
      "original": {
        "owner": "homebrew",
        "repo": "homebrew-bundle",
        "type": "github"
      }
    },
    "homebrew-cask": {
      "flake": false,
      "locked": {
        "lastModified": 1788417012,
        "narHash": "sha256-GoCF/TK7txU0zPIrSkXXzJHXos1cgYqmsu13iYy3/cs=",
        "owner": "homebrew",
        "repo": "homebrew-cask",
        "rev": "7dbb3bb22da39a0d1df92b2fe609aab1214eaf53",
        "type": "github"
      },
      "original": {
        "owner": "homebrew",
        "repo": "homebrew-cask",
        "type": "github"
      }
    },
    "homebrew-core": {
      "flake": false,
      "locked": {
        "lastModified": 1788418327,
        "narHash": "sha256-15xarBNFrAvk1t86d+QLkwGj4EkfG66bdVbbCMVR0k0=",
        "owner": "homebrew",
        "repo": "homebrew-core",
        "rev": "a5a810921bccf1539047aa60c4d70825e7a72f31",
        "type": "github"
      },
      "original": {
        "owner": "homebrew",
        "repo": "homebrew-core",
        "type": "github"
      }
    },
    "nix-homebrew": {
      "inputs": {
        "brew-src": "brew-src"
      },
      "locked": {
        "lastModified": 1787330919,
        "narHash": "sha256-LslMncqN7uOOH5S88WZtO/EVt2HwD8ltUnfyANk+mC0=",
        "owner": "zhaofengli",
        "repo": "nix-homebrew",
        "rev": "b00218e4aec0e5bf07d61a0bb13f842faa582d7b",
        "type": "github"
      },
      "original": {
        "owner": "zhaofengli",
        "repo": "nix-homebrew",
        "type": "github"
      }
    },
    "nix-secrets": {
      "flake": false,
      "locked": {
        "lastModified": 1788292912,
        "narHash": "sha256-F/wRg4To7+HuzOph17duIcboqOvhzYCu4dOJes9RGRA=",
        "ref": "refs/heads/main",
        "rev": "214d12604d7f0815165bdd58503d80bf2cae5a2f",
        "revCount": 6,
        "type": "git",
        "url": "ssh://git@github.com/KasimKaizer/nix-secrets.git"
      },
      "original": {
        "type": "git",
        "url": "ssh://git@github.com/KasimKaizer/nix-secrets.git"
      }
    },
    "nixpkgs": {
      "locked": {
        "lastModified": 1788372231,
        "narHash": "sha256-7aqErvrAEz/5OcPA5p3M+tVOqeYc4oJXkNIPXfCqxAw=",
        "owner": "NixOS",
        "repo": "nixpkgs",
        "rev": "9387b3fcc0c23c86661636da63faabad4235a0a6",
        "type": "github"
      },
      "original": {
        "owner": "NixOS",
        "ref": "nixpkgs-unstable",
        "repo": "nixpkgs",
        "type": "github"
      }
    },
    "oh-my-openagent": {
      "flake": false,
      "locked": {
        "lastModified": 1788417691,
        "narHash": "sha256-CHqIjIkiEz/al/Ybaks21pdStRJ8CRW5HxaZFzs33ZY=",
        "owner": "code-yeongyu",
        "repo": "oh-my-openagent",
        "rev": "4aa3007307a1e000ab38e32d1af05548805fd9a4",
        "type": "github"
      },
      "original": {
        "owner": "code-yeongyu",
        "repo": "oh-my-openagent",
        "type": "github"
      }
    },
    "root": {
      "inputs": {
        "agent-skills": "agent-skills",
        "agent-skills-nix": "agent-skills-nix",
        "anthropic-skills": "anthropic-skills",
        "ast-grep-skill": "ast-grep-skill",
        "darwin": "darwin",
        "home-manager": "home-manager",
        "homebrew-bundle": "homebrew-bundle",
        "homebrew-cask": "homebrew-cask",
        "homebrew-core": "homebrew-core",
        "nix-homebrew": "nix-homebrew",
        "nix-secrets": "nix-secrets",
        "nixpkgs": "nixpkgs",
        "oh-my-openagent": "oh-my-openagent",
        "sops-nix": "sops-nix",
        "superpowers": "superpowers"
      }
    },
    "sops-nix": {
      "inputs": {
        "nixpkgs": [
          "nixpkgs"
        ]
      },
      "locked": {
        "lastModified": 1788337237,
        "narHash": "sha256-gkSH8VUtCo6hnysNmb9DbTuDepH2t5pv+QWjP75xKAk=",
        "owner": "Mic92",
        "repo": "sops-nix",
        "rev": "fbf759290e0cb0a98dfc813a4eb7d53ad1dacb57",
        "type": "github"
      },
      "original": {
        "owner": "Mic92",
        "repo": "sops-nix",
        "type": "github"
      }
    },
    "superpowers": {
      "flake": false,
      "locked": {
        "lastModified": 1786553601,
        "narHash": "sha256-EsGNO0dULWf5Bx6bGrCv2kI2Z8aKH0kRvGiuN23wChQ=",
        "owner": "obra",
        "repo": "superpowers",
        "rev": "b36e0829c6d0140e93cfef2ca599b1b07d4a7797",
        "type": "github"
      },
      "original": {
        "owner": "obra",
        "repo": "superpowers",
        "type": "github"
      }
    },
    "systems": {
      "locked": {
        "lastModified": 1681028828,
        "narHash": "sha256-Vy1rq5AaRuLzOxct8nz4T6wlgyUR7zLU309k9mBC768=",
        "owner": "nix-systems",
        "repo": "default",
        "rev": "da67096a3b9bf56a91d16901293e51ba5b49a27e",
        "type": "github"
      },
      "original": {
        "owner": "nix-systems",
        "repo": "default",
        "type": "github"
      }
    }
  },
  "root": "root",
  "version": 7
}
